// !$*UTF8*$!
{
	archiveVersion = 1;
	classes = {
	};
	objectVersion = 50;
	objects = {

/* Begin PBXBuildFile section */
		DC0D65AA2290FA78005B4944 /* StudentLocation.swift in Sources */ = {isa = PBXBuildFile; fileRef = DC0D65A92290FA78005B4944 /* StudentLocation.swift */; };
		DC0D65AD2290FD60005B4944 /* Auth.swift in Sources */ = {isa = PBXBuildFile; fileRef = DC0D65AC2290FD60005B4944 /* Auth.swift */; };
		DC6EAFE82291ACB20096CED7 /* DataServices.swift in Sources */ = {isa = PBXBuildFile; fileRef = DC6EAFE72291ACB20096CED7 /* DataServices.swift */; };
		DC6EAFEA22921D880096CED7 /* PostingVC.swift in Sources */ = {isa = PBXBuildFile; fileRef = DC6EAFE922921D880096CED7 /* PostingVC.swift */; };
		DC6EAFEC229225640096CED7 /* FindOnTheMapVC.swift in Sources */ = {isa = PBXBuildFile; fileRef = DC6EAFEB229225640096CED7 /* FindOnTheMapVC.swift */; };
		DCF54DC8228FB72300DD190D /* AppDelegate.swift in Sources */ = {isa = PBXBuildFile; fileRef = DCF54DC7228FB72300DD190D /* AppDelegate.swift */; };
		DCF54DCA228FB72300DD190D /* AuthVC.swift in Sources */ = {isa = PBXBuildFile; fileRef = DCF54DC9228FB72300DD190D /* AuthVC.swift */; };
		DCF54DCD228FB72300DD190D /* Main.storyboard in Resources */ = {isa = PBXBuildFile; fileRef = DCF54DCB228FB72300DD190D /* Main.storyboard */; };
		DCF54DCF228FB72500DD190D /* Assets.xcassets in Resources */ = {isa = PBXBuildFile; fileRef = DCF54DCE228FB72500DD190D /* Assets.xcassets */; };
		DCF54DD2228FB72500DD190D /* LaunchScreen.storyboard in Resources */ = {isa = PBXBuildFile; fileRef = DCF54DD0228FB72500DD190D /* LaunchScreen.storyboard */; };
		DCF54DDD228FBF2000DD190D /* ListVC.swift in Sources */ = {isa = PBXBuildFile; fileRef = DCF54DDC228FBF2000DD190D /* ListVC.swift */; };
		DCF54DDF228FC22700DD190D /* MapVC.swift in Sources */ = {isa = PBXBuildFile; fileRef = DCF54DDE228FC22700DD190D /* MapVC.swift */; };
/* End PBXBuildFile section */

/* Begin PBXFileReference section */
		DC0D65A92290FA78005B4944 /* StudentLocation.swift */ = {isa = PBXFileReference; lastKnownFileType = sourcecode.swift; path = StudentLocation.swift; sourceTree = "<group>"; };
		DC0D65AC2290FD60005B4944 /* Auth.swift */ = {isa = PBXFileReference; lastKnownFileType = sourcecode.swift; path = Auth.swift; sourceTree = "<group>"; };
		DC6EAFE72291ACB20096CED7 /* DataServices.swift */ = {isa = PBXFileReference; lastKnownFileType = sourcecode.swift; path = DataServices.swift; sourceTree = "<group>"; };
		DC6EAFE922921D880096CED7 /* PostingVC.swift */ = {isa = PBXFileReference; lastKnownFileType = sourcecode.swift; path = PostingVC.swift; sourceTree = "<group>"; };
		DC6EAFEB229225640096CED7 /* FindOnTheMapVC.swift */ = {isa = PBXFileReference; lastKnownFileType = sourcecode.swift; path = FindOnTheMapVC.swift; sourceTree = "<group>"; };
		DCF54DC4228FB72300DD190D /* ON the map.app */ = {isa = PBXFileReference; explicitFileType = wrapper.application; includeInIndex = 0; path = "ON the map.app"; sourceTree = BUILT_PRODUCTS_DIR; };
		DCF54DC7228FB72300DD190D /* AppDelegate.swift */ = {isa = PBXFileReference; lastKnownFileType = sourcecode.swift; path = AppDelegate.swift; sourceTree = "<group>"; };
		DCF54DC9228FB72300DD190D /* AuthVC.swift */ = {isa = PBXFileReference; lastKnownFileType = sourcecode.swift; path = AuthVC.swift; sourceTree = "<group>"; };
		DCF54DCC228FB72300DD190D /* Base */ = {isa = PBXFileReference; lastKnownFileType = file.storyboard; name = Base; path = Base.lproj/Main.storyboard; sourceTree = "<group>"; };
		DCF54DCE228FB72500DD190D /* Assets.xcassets */ = {isa = PBXFileReference; lastKnownFileType = folder.assetcatalog; path = Assets.xcassets; sourceTree = "<group>"; };
		DCF54DD1228FB72500DD190D /* Base */ = {isa = PBXFileReference; lastKnownFileType = file.storyboard; name = Base; path = Base.lproj/LaunchScreen.storyboard; sourceTree = "<group>"; };
		DCF54DD3228FB72500DD190D /* Info.plist */ = {isa = PBXFileReference; lastKnownFileType = text.plist.xml; path = Info.plist; sourceTree = "<group>"; };
		DCF54DDC228FBF2000DD190D /* ListVC.swift */ = {isa = PBXFileReference; lastKnownFileType = sourcecode.swift; path = ListVC.swift; sourceTree = "<group>"; };
		DCF54DDE228FC22700DD190D /* MapVC.swift */ = {isa = PBXFileReference; lastKnownFileType = sourcecode.swift; path = MapVC.swift; sourceTree = "<group>"; };
/* End PBXFileReference section */

/* Begin PBXFrameworksBuildPhase section */
		DCF54DC1228FB72300DD190D /* Frameworks */ = {
			isa = PBXFrameworksBuildPhase;
			buildActionMask = 2147483647;
			files = (
			);
			runOnlyForDeploymentPostprocessing = 0;
		};
/* End PBXFrameworksBuildPhase section */

/* Begin PBXGroup section */
		DC0D65AB2290FD4C005B4944 /* Services */ = {
			isa = PBXGroup;
			children = (
				DC0D65AC2290FD60005B4944 /* Auth.swift */,
				DC6EAFE72291ACB20096CED7 /* DataServices.swift */,
			);
			path = Services;
			sourceTree = "<group>";
		};
		DCF54DBB228FB72300DD190D = {
			isa = PBXGroup;
			children = (
				DCF54DC6228FB72300DD190D /* ON the map */,
				DCF54DC5228FB72300DD190D /* Products */,
			);
			sourceTree = "<group>";
		};
		DCF54DC5228FB72300DD190D /* Products */ = {
			isa = PBXGroup;
			children = (
				DCF54DC4228FB72300DD190D /* ON the map.app */,
			);
			name = Products;
			sourceTree = "<group>";
		};
		DCF54DC6228FB72300DD190D /* ON the map */ = {
			isa = PBXGroup;
			children = (
				DC0D65AB2290FD4C005B4944 /* Services */,
				DCF54DDB228FB73700DD190D /* Model */,
				DCF54DDA228FB73400DD190D /* View */,
				DCF54DD9228FB73100DD190D /* Controller */,
				DCF54DD3228FB72500DD190D /* Info.plist */,
			);
			path = "ON the map";
			sourceTree = "<group>";
		};
		DCF54DD9228FB73100DD190D /* Controller */ = {
			isa = PBXGroup;
			children = (
				DCF54DC7228FB72300DD190D /* AppDelegate.swift */,
				DCF54DC9228FB72300DD190D /* AuthVC.swift */,
				DCF54DDC228FBF2000DD190D /* ListVC.swift */,
				DCF54DDE228FC22700DD190D /* MapVC.swift */,
				DC6EAFE922921D880096CED7 /* PostingVC.swift */,
				DC6EAFEB229225640096CED7 /* FindOnTheMapVC.swift */,
			);
			path = Controller;
			sourceTree = "<group>";
		};
		DCF54DDA228FB73400DD190D /* View */ = {
			isa = PBXGroup;
			children = (
				DCF54DCB228FB72300DD190D /* Main.storyboard */,
				DCF54DCE228FB72500DD190D /* Assets.xcassets */,
				DCF54DD0228FB72500DD190D /* LaunchScreen.storyboard */,
			);
			path = View;
			sourceTree = "<group>";
		};
		DCF54DDB228FB73700DD190D /* Model */ = {
			isa = PBXGroup;
			children = (
				DC0D65A92290FA78005B4944 /* StudentLocation.swift */,
			);
			path = Model;
			sourceTree = "<group>";
		};
/* End PBXGroup section */

/* Begin PBXNativeTarget section */
		DCF54DC3228FB72300DD190D /* ON the map */ = {
			isa = PBXNativeTarget;
			buildConfigurationList = DCF54DD6228FB72500DD190D /* Build configuration list for PBXNativeTarget "ON the map" */;
			buildPhases = (
				DCF54DC0228FB72300DD190D /* Sources */,
				DCF54DC1228FB72300DD190D /* Frameworks */,
				DCF54DC2228FB72300DD190D /* Resources */,
			);
			buildRules = (
			);
			dependencies = (
			);
			name = "ON the map";
			productName = "ON the map";
			productReference = DCF54DC4228FB72300DD190D /* ON the map.app */;
			productType = "com.apple.product-type.application";
		};
/* End PBXNativeTarget section */

/* Begin PBXProject section */
		DCF54DBC228FB72300DD190D /* Project object */ = {
			isa = PBXProject;
			attributes = {
				LastSwiftUpdateCheck = 1010;
				LastUpgradeCheck = 1010;
				ORGANIZATIONNAME = "Abdualziz Aljuaid";
				TargetAttributes = {
					DCF54DC3228FB72300DD190D = {
						CreatedOnToolsVersion = 10.1;
					};
				};
			};
			buildConfigurationList = DCF54DBF228FB72300DD190D /* Build configuration list for PBXProject "ON the map" */;
			compatibilityVersion = "Xcode 9.3";
			developmentRegion = en;
			hasScannedForEncodings = 0;
			knownRegions = (
				en,
				Base,
			);
			mainGroup = DCF54DBB228FB72300DD190D;
			productRefGroup = DCF54DC5228FB72300DD190D /* Products */;
			projectDirPath = "";
			projectRoot = "";
			targets = (
				DCF54DC3228FB72300DD190D /* ON the map */,
			);
		};
/* End PBXProject section */

/* Begin PBXResourcesBuildPhase section */
		DCF54DC2228FB72300DD190D /* Resources */ = {
			isa = PBXResourcesBuildPhase;
			buildActionMask = 2147483647;
			files = (
				DCF54DD2228FB72500DD190D /* LaunchScreen.storyboard in Resources */,
				DCF54DCF228FB72500DD190D /* Assets.xcassets in Resources */,
				DCF54DCD228FB72300DD190D /* Main.storyboard in Resources */,
			);
			runOnlyForDeploymentPostprocessing = 0;
		};
/* End PBXResourcesBuildPhase section */

/* Begin PBXSourcesBuildPhase section */
		DCF54DC0228FB72300DD190D /* Sources */ = {
			isa = PBXSourcesBuildPhase;
			buildActionMask = 2147483647;
			files = (
				DCF54DDD228FBF2000DD190D /* ListVC.swift in Sources */,
				DC6EAFE82291ACB20096CED7 /* DataServices.swift in Sources */,
				DCF54DDF228FC22700DD190D /* MapVC.swift in Sources */,
				DC6EAFEC229225640096CED7 /* FindOnTheMapVC.swift in Sources */,
				DCF54DCA228FB72300DD190D /* AuthVC.swift in Sources */,
				DC0D65AA2290FA78005B4944 /* StudentLocation.swift in Sources */,
				DC0D65AD2290FD60005B4944 /* Auth.swift in Sources */,
				DCF54DC8228FB72300DD190D /* AppDelegate.swift in Sources */,
				DC6EAFEA22921D880096CED7 /* PostingVC.swift in Sources */,
			);
			runOnlyForDeploymentPostprocessing = 0;
		};
/* End PBXSourcesBuildPhase section */

/* Begin PBXVariantGroup section */
		DCF54DCB228FB72300DD190D /* Main.storyboard */ = {
			isa = PBXVariantGroup;
			children = (
				DCF54DCC228FB72300DD190D /* Base */,
			);
			name = Main.storyboard;
			sourceTree = "<group>";
		};
		DCF54DD0228FB72500DD190D /* LaunchScreen.storyboard */ = {
			isa = PBXVariantGroup;
			children = (
				DCF54DD1228FB72500DD190D /* Base */,
			);
			name = LaunchScreen.storyboard;
			sourceTree = "<group>";
		};
/* End PBXVariantGroup section */

/* Begin XCBuildConfiguration section */
		DCF54DD4228FB72500DD190D /* Debug */ = {
			isa = XCBuildConfiguration;
			buildSettings = {
				ALWAYS_SEARCH_USER_PATHS = NO;
				CLANG_ANALYZER_NONNULL = YES;
				CLANG_ANALYZER_NUMBER_OBJECT_CONVERSION = YES_AGGRESSIVE;
				CLANG_CXX_LANGUAGE_STANDARD = "gnu++14";
				CLANG_CXX_LIBRARY = "libc++";
				CLANG_ENABLE_MODULES = YES;
				CLANG_ENABLE_OBJC_ARC = YES;
				CLANG_ENABLE_OBJC_WEAK = YES;
				CLANG_WARN_BLOCK_CAPTURE_AUTORELEASING = YES;
				CLANG_WARN_BOOL_CONVERSION = YES;
				CLANG_WARN_COMMA = YES;
				CLANG_WARN_CONSTANT_CONVERSION = YES;
				CLANG_WARN_DEPRECATED_OBJC_IMPLEMENTATIONS = YES;
				CLANG_WARN_DIRECT_OBJC_ISA_USAGE = YES_ERROR;
				CLANG_WARN_DOCUMENTATION_COMMENTS = YES;
				CLANG_WARN_EMPTY_BODY = YES;
				CLANG_WARN_ENUM_CONVERSION = YES;
				CLANG_WARN_INFINITE_RECURSION = YES;
				CLANG_WARN_INT_CONVERSION = YES;
				CLANG_WARN_NON_LITERAL_NULL_CONVERSION = YES;
				CLANG_WARN_OBJC_IMPLICIT_RETAIN_SELF = YES;
				CLANG_WARN_OBJC_LITERAL_CONVERSION = YES;
				CLANG_WARN_OBJC_ROOT_CLASS = YES_ERROR;
				CLANG_WARN_RANGE_LOOP_ANALYSIS = YES;
				CLANG_WARN_STRICT_PROTOTYPES = YES;
				CLANG_WARN_SUSPICIOUS_MOVE = YES;
				CLANG_WARN_UNGUARDED_AVAILABILITY = YES_AGGRESSIVE;
				CLANG_WARN_UNREACHABLE_CODE = YES;
				CLANG_WARN__DUPLICATE_METHOD_MATCH = YES;
				CODE_SIGN_IDENTITY = "iPhone Developer";
				COPY_PHASE_STRIP = NO;
				DEBUG_INFORMATION_FORMAT = dwarf;
				ENABLE_STRICT_OBJC_MSGSEND = YES;
				ENABLE_TESTABILITY = YES;
				GCC_C_LANGUAGE_STANDARD = gnu11;
				GCC_DYNAMIC_NO_PIC = NO;
				GCC_NO_COMMON_BLOCKS = YES;
				GCC_OPTIMIZATION_LEVEL = 0;
				GCC_PREPROCESSOR_DEFINITIONS = (
					"DEBUG=1",
					"$(inherited)",
				);
				GCC_WARN_64_TO_32_BIT_CONVERSION = YES;
				GCC_WARN_ABOUT_RETURN_TYPE = YES_ERROR;
				GCC_WARN_UNDECLARED_SELECTOR = YES;
				GCC_WARN_UNINITIALIZED_AUTOS = YES_AGGRESSIVE;
				GCC_WARN_UNUSED_FUNCTION = YES;
				GCC_WARN_UNUSED_VARIABLE = YES;
				IPHONEOS_DEPLOYMENT_TARGET = 12.1;
				MTL_ENABLE_DEBUG_INFO = INCLUDE_SOURCE;
				MTL_FAST_MATH = YES;
				ONLY_ACTIVE_ARCH = YES;
				SDKROOT = iphoneos;
				SWIFT_ACTIVE_COMPILATION_CONDITIONS = DEBUG;
				SWIFT_OPTIMIZATION_LEVEL = "-Onone";
			};
			name = Debug;
		};
		DCF54DD5228FB72500DD190D /* Release */ = {
			isa = XCBuildConfiguration;
			buildSettings = {
				ALWAYS_SEARCH_USER_PATHS = NO;
				CLANG_ANALYZER_NONNULL = YES;
				CLANG_ANALYZER_NUMBER_OBJECT_CONVERSION = YES_AGGRESSIVE;
				CLANG_CXX_LANGUAGE_STANDARD = "gnu++14";
				CLANG_CXX_LIBRARY = "libc++";
				CLANG_ENABLE_MODULES = YES;
				CLANG_ENABLE_OBJC_ARC = YES;
				CLANG_ENABLE_OBJC_WEAK = YES;
				CLANG_WARN_BLOCK_CAPTURE_AUTORELEASING = YES;
				CLANG_WARN_BOOL_CONVERSION = YES;
				CLANG_WARN_COMMA = YES;
				CLANG_WARN_CONSTANT_CONVERSION = YES;
				CLANG_WARN_DEPRECATED_OBJC_IMPLEMENTATIONS = YES;
				CLANG_WARN_DIRECT_OBJC_ISA_USAGE = YES_ERROR;
				CLANG_WARN_DOCUMENTATION_COMMENTS = YES;
				CLANG_WARN_EMPTY_BODY = YES;
				CLANG_WARN_ENUM_CONVERSION = YES;
				CLANG_WARN_INFINITE_RECURSION = YES;
				CLANG_WARN_INT_CONVERSION = YES;
				CLANG_WARN_NON_LITERAL_NULL_CONVERSION = YES;
				CLANG_WARN_OBJC_IMPLICIT_RETAIN_SELF = YES;
				CLANG_WARN_OBJC_LITERAL_CONVERSION = YES;
				CLANG_WARN_OBJC_ROOT_CLASS = YES_ERROR;
				CLANG_WARN_RANGE_LOOP_ANALYSIS = YES;
				CLANG_WARN_STRICT_PROTOTYPES = YES;
				CLANG_WARN_SUSPICIOUS_MOVE = YES;
				CLANG_WARN_UNGUARDED_AVAILABILITY = YES_AGGRESSIVE;
				CLANG_WARN_UNREACHABLE_CODE = YES;
				CLANG_WARN__DUPLICATE_METHOD_MATCH = YES;
				CODE_SIGN_IDENTITY = "iPhone Developer";
				COPY_PHASE_STRIP = NO;
				DEBUG_INFORMATION_FORMAT = "dwarf-with-dsym";
				ENABLE_NS_ASSERTIONS = NO;
				ENABLE_STRICT_OBJC_MSGSEND = YES;
				GCC_C_LANGUAGE_STANDARD = gnu11;
				GCC_NO_COMMON_BLOCKS = YES;
				GCC_WARN_64_TO_32_BIT_CONVERSION = YES;
				GCC_WARN_ABOUT_RETURN_TYPE = YES_ERROR;
				GCC_WARN_UNDECLARED_SELECTOR = YES;
				GCC_WARN_UNINITIALIZED_AUTOS = YES_AGGRESSIVE;
				GCC_WARN_UNUSED_FUNCTION = YES;
				GCC_WARN_UNUSED_VARIABLE = YES;
				IPHONEOS_DEPLOYMENT_TARGET = 12.1;
				MTL_ENABLE_DEBUG_INFO = NO;
				MTL_FAST_MATH = YES;
				SDKROOT = iphoneos;
				SWIFT_COMPILATION_MODE = wholemodule;
				SWIFT_OPTIMIZATION_LEVEL = "-O";
				VALIDATE_PRODUCT = YES;
			};
			name = Release;
		};
		DCF54DD7228FB72500DD190D /* Debug */ = {
			isa = XCBuildConfiguration;
			buildSettings = {
				ASSETCATALOG_COMPILER_APPICON_NAME = AppIcon;
				CODE_SIGN_STYLE = Automatic;
				INFOPLIST_FILE = "ON the map/Info.plist";
				LD_RUNPATH_SEARCH_PATHS = (
					"$(inherited)",
					"@executable_path/Frameworks",
				);
				PRODUCT_BUNDLE_IDENTIFIER = "com.AljuaidAbdulaziz.ON-the-map";
				PRODUCT_NAME = "$(TARGET_NAME)";
				SWIFT_VERSION = 4.2;
				TARGETED_DEVICE_FAMILY = "1,2";
			};
			name = Debug;
		};
		DCF54DD8228FB72500DD190D /* Release */ = {
			isa = XCBuildConfiguration;
			buildSettings = {
				ASSETCATALOG_COMPILER_APPICON_NAME = AppIcon;
				CODE_SIGN_STYLE = Automatic;
				INFOPLIST_FILE = "ON the map/Info.plist";
				LD_RUNPATH_SEARCH_PATHS = (
					"$(inherited)",
					"@executable_path/Frameworks",
				);
				PRODUCT_BUNDLE_IDENTIFIER = "com.AljuaidAbdulaziz.ON-the-map";
				PRODUCT_NAME = "$(TARGET_NAME)";
				SWIFT_VERSION = 4.2;
				TARGETED_DEVICE_FAMILY = "1,2";
			};
			name = Release;
		};
/* End XCBuildConfiguration section */

/* Begin XCConfigurationList section */
		DCF54DBF228FB72300DD190D /* Build configuration list for PBXProject "ON the map" */ = {
			isa = XCConfigurationList;
			buildConfigurations = (
				DCF54DD4228FB72500DD190D /* Debug */,
				DCF54DD5228FB72500DD190D /* Release */,
			);
			defaultConfigurationIsVisible = 0;
			defaultConfigurationName = Release;
		};
		DCF54DD6228FB72500DD190D /* Build configuration list for PBXNativeTarget "ON the map" */ = {
			isa = XCConfigurationList;
			buildConfigurations = (
				DCF54DD7228FB72500DD190D /* Debug */,
				DCF54DD8228FB72500DD190D /* Release */,
			);
			defaultConfigurationIsVisible = 0;
			defaultConfigurationName = Release;
		};
/* End XCConfigurationList section */
	};
	rootObject = DCF54DBC228FB72300DD190D /* Project object */;
}
